
Microsoft Visual Studio Solution File, Format Version 12.00
# Visual Studio Version 16
VisualStudioVersion = 16.0.32413.511
MinimumVisualStudioVersion = 10.0.40219.1
Project("{FAE04EC0-301F-11D3-BF4B-00C04F79EFBC}") = "Walkydoggy", "Walkydoggy.csproj", "{43DB3D84-81A4-4353-A3D3-EDCB4E2128C6}"
EndProject
Global
	GlobalSection(SolutionConfigurationPlatforms) = preSolution
		Debug|Any CPU = Debug|Any CPU
		Release|Any CPU = Release|Any CPU
	EndGlobalSection
	GlobalSection(ProjectConfigurationPlatforms) = postSolution
		{43DB3D84-81A4-4353-A3D3-EDCB4E2128C6}.Debug|Any CPU.ActiveCfg = Debug|Any CPU
		{43DB3D84-81A4-4353-A3D3-EDCB4E2128C6}.Debug|Any CPU.Build.0 = Debug|Any CPU
		{43DB3D84-81A4-4353-A3D3-EDCB4E2128C6}.Release|Any CPU.ActiveCfg = Release|Any CPU
		{43DB3D84-81A4-4353-A3D3-EDCB4E2128C6}.Release|Any CPU.Build.0 = Release|Any CPU
	EndGlobalSection
	GlobalSection(SolutionProperties) = preSolution
		HideSolutionNode = FALSE
	EndGlobalSection
	GlobalSection(ExtensibilityGlobals) = postSolution
		SolutionGuid = {841E6C42-14F3-44C9-832D-0A749F343F4C}
	EndGlobalSection
EndGlobal
